
Microsoft Visual Studio Solution File, Format Version 12.00
# Visual Studio Version 17
VisualStudioVersion = 17.1.32319.34
MinimumVisualStudioVersion = 10.0.40219.1
Project("{FAE04EC0-301F-11D3-BF4B-00C04F79EFBC}") = "Проигрыватель", "Проигрыватель\Проигрыватель.csproj", "{1EE3021B-C639-410A-B99B-BB4F6D6A7361}"
EndProject
Global
	GlobalSection(SolutionConfigurationPlatforms) = preSolution
		Debug|Any CPU = Debug|Any CPU
		Release|Any CPU = Release|Any CPU
	EndGlobalSection
	GlobalSection(ProjectConfigurationPlatforms) = postSolution
		{1EE3021B-C639-410A-B99B-BB4F6D6A7361}.Debug|Any CPU.ActiveCfg = Debug|Any CPU
		{1EE3021B-C639-410A-B99B-BB4F6D6A7361}.Debug|Any CPU.Build.0 = Debug|Any CPU
		{1EE3021B-C639-410A-B99B-BB4F6D6A7361}.Release|Any CPU.ActiveCfg = Release|Any CPU
		{1EE3021B-C639-410A-B99B-BB4F6D6A7361}.Release|Any CPU.Build.0 = Release|Any CPU
	EndGlobalSection
	GlobalSection(SolutionProperties) = preSolution
		HideSolutionNode = FALSE
	EndGlobalSection
	GlobalSection(ExtensibilityGlobals) = postSolution
		SolutionGuid = {C05D9BED-8D88-44C3-ABFF-EAF8027E7B01}
	EndGlobalSection
EndGlobal
